
Microsoft Visual Studio Solution File, Format Version 12.00
# Visual Studio Version 17
VisualStudioVersion = 17.4.33213.308
MinimumVisualStudioVersion = 10.0.40219.1
Project("{FAE04EC0-301F-11D3-BF4B-00C04F79EFBC}") = "CRUDSISWA", "CRUDSISWA\CRUDSISWA.csproj", "{8B178928-B85E-4C86-ABAE-43582B172845}"
EndProject
Global
	GlobalSection(SolutionConfigurationPlatforms) = preSolution
		Debug|Any CPU = Debug|Any CPU
		Release|Any CPU = Release|Any CPU
	EndGlobalSection
	GlobalSection(ProjectConfigurationPlatforms) = postSolution
		{8B178928-B85E-4C86-ABAE-43582B172845}.Debug|Any CPU.ActiveCfg = Debug|Any CPU
		{8B178928-B85E-4C86-ABAE-43582B172845}.Debug|Any CPU.Build.0 = Debug|Any CPU
		{8B178928-B85E-4C86-ABAE-43582B172845}.Release|Any CPU.ActiveCfg = Release|Any CPU
		{8B178928-B85E-4C86-ABAE-43582B172845}.Release|Any CPU.Build.0 = Release|Any CPU
	EndGlobalSection
	GlobalSection(SolutionProperties) = preSolution
		HideSolutionNode = FALSE
	EndGlobalSection
	GlobalSection(ExtensibilityGlobals) = postSolution
		SolutionGuid = {A0EED2F0-7621-4DA3-A691-8ECD2DC2000F}
	EndGlobalSection
EndGlobal
